
Microsoft Visual Studio Solution File, Format Version 12.00
# Visual Studio Version 17
VisualStudioVersion = 17.2.32630.192
MinimumVisualStudioVersion = 10.0.40219.1
Project("{FAE04EC0-301F-11D3-BF4B-00C04F79EFBC}") = "HealthSystem3", "HealthSystem3\HealthSystem3.csproj", "{12D48816-2B16-4294-A23F-E4CD34960985}"
EndProject
Global
	GlobalSection(SolutionConfigurationPlatforms) = preSolution
		Debug|Any CPU = Debug|Any CPU
		Release|Any CPU = Release|Any CPU
	EndGlobalSection
	GlobalSection(ProjectConfigurationPlatforms) = postSolution
		{12D48816-2B16-4294-A23F-E4CD34960985}.Debug|Any CPU.ActiveCfg = Debug|Any CPU
		{12D48816-2B16-4294-A23F-E4CD34960985}.Debug|Any CPU.Build.0 = Debug|Any CPU
		{12D48816-2B16-4294-A23F-E4CD34960985}.Release|Any CPU.ActiveCfg = Release|Any CPU
		{12D48816-2B16-4294-A23F-E4CD34960985}.Release|Any CPU.Build.0 = Release|Any CPU
	EndGlobalSection
	GlobalSection(SolutionProperties) = preSolution
		HideSolutionNode = FALSE
	EndGlobalSection
	GlobalSection(ExtensibilityGlobals) = postSolution
		SolutionGuid = {860B984B-1AB2-4070-9D1D-96AF7E19FB36}
	EndGlobalSection
EndGlobal
